GEM
  remote: https://rubygems.org/
  specs:
    aws-eventstream (1.4.0)
    aws-partitions (1.1213.0)
    aws-sdk-bedrockruntime (1.73.0)
      aws-sdk-core (~> 3, >= 3.241.4)
      aws-sigv4 (~> 1.5)
    aws-sdk-core (3.242.0)
      aws-eventstream (~> 1, >= 1.3.0)
      aws-partitions (~> 1, >= 1.992.0)
      aws-sigv4 (~> 1.9)
      base64
      bigdecimal
      jmespath (~> 1, >= 1.6.1)
      logger
    aws-sigv4 (1.12.1)
      aws-eventstream (~> 1, >= 1.0.2)
    base64 (0.3.0)
    bigdecimal (4.0.1)
    concurrent-ruby (1.3.6)
    dotenv (2.8.1)
    faraday (2.14.1)
      faraday-net_http (>= 2.0, < 3.5)
      json
      logger
    faraday-net_http (3.4.2)
      net-http (~> 0.5)
    faraday-retry (2.4.0)
      faraday (~> 2.0)
    google-protobuf (4.33.5)
      bigdecimal
      rake (>= 13)
    google-protobuf (4.33.5-aarch64-linux-gnu)
      bigdecimal
      rake (>= 13)
    google-protobuf (4.33.5-aarch64-linux-musl)
      bigdecimal
      rake (>= 13)
    google-protobuf (4.33.5-arm64-darwin)
      bigdecimal
      rake (>= 13)
    google-protobuf (4.33.5-x86-linux-gnu)
      bigdecimal
      rake (>= 13)
    google-protobuf (4.33.5-x86-linux-musl)
      bigdecimal
      rake (>= 13)
    google-protobuf (4.33.5-x86_64-darwin)
      bigdecimal
      rake (>= 13)
    google-protobuf (4.33.5-x86_64-linux-gnu)
      bigdecimal
      rake (>= 13)
    google-protobuf (4.33.5-x86_64-linux-musl)
      bigdecimal
      rake (>= 13)
    googleapis-common-protos-types (1.22.0)
      google-protobuf (~> 4.26)
    jmespath (1.6.2)
    json (2.18.1)
    langfuse-rb (0.5.0)
      base64 (~> 0.2)
      concurrent-ruby (~> 1.2)
      faraday (>= 1.0, < 3)
      faraday-retry (>= 1.0, < 3.0)
      mustache (~> 1.1)
      opentelemetry-api (~> 1.2)
      opentelemetry-common (~> 0.21)
      opentelemetry-exporter-otlp (~> 0.28)
      opentelemetry-sdk (~> 1.4)
    language_server-protocol (3.17.0.5)
    logger (1.7.0)
    mustache (1.1.1)
    net-http (0.9.1)
      uri (>= 0.11.1)
    opentelemetry-api (1.7.0)
    opentelemetry-common (0.23.0)
      opentelemetry-api (~> 1.0)
    opentelemetry-exporter-otlp (0.31.1)
      google-protobuf (>= 3.18)
      googleapis-common-protos-types (~> 1.3)
      opentelemetry-api (~> 1.1)
      opentelemetry-common (~> 0.20)
      opentelemetry-sdk (~> 1.10)
      opentelemetry-semantic_conventions
    opentelemetry-registry (0.4.0)
      opentelemetry-api (~> 1.1)
    opentelemetry-sdk (1.10.0)
      opentelemetry-api (~> 1.1)
      opentelemetry-common (~> 0.20)
      opentelemetry-registry (~> 0.2)
      opentelemetry-semantic_conventions
    opentelemetry-semantic_conventions (1.36.0)
      opentelemetry-api (~> 1.0)
    prism (1.9.0)
    rake (13.3.1)
    rbs (3.10.3)
      logger
      tsort
    ruby-lsp (0.26.6)
      language_server-protocol (~> 3.17.0)
      prism (>= 1.2, < 2.0)
      rbs (>= 3, < 5)
    tsort (0.2.0)
    uri (1.1.1)

PLATFORMS
  aarch64-linux-gnu
  aarch64-linux-musl
  arm64-darwin
  ruby
  x86-linux-gnu
  x86-linux-musl
  x86_64-darwin
  x86_64-linux-gnu
  x86_64-linux-musl

DEPENDENCIES
  aws-sdk-bedrockruntime (~> 1.0)
  dotenv (~> 2.8)
  langfuse-rb
  ruby-lsp (~> 0.26.6)

RUBY VERSION
   ruby 3.4.7p58

BUNDLED WITH
   2.7.2
